
Microsoft Visual Studio Solution File, Format Version 12.00
# Visual Studio Version 16
VisualStudioVersion = 16.0.31321.278
MinimumVisualStudioVersion = 10.0.40219.1
Project("{FAE04EC0-301F-11D3-BF4B-00C04F79EFBC}") = "musicAppAPI", "musicAppAPI.csproj", "{320EDB32-F70C-438A-999B-381B167E235E}"
EndProject
Global
	GlobalSection(SolutionConfigurationPlatforms) = preSolution
		Debug|Any CPU = Debug|Any CPU
		Release|Any CPU = Release|Any CPU
	EndGlobalSection
	GlobalSection(ProjectConfigurationPlatforms) = postSolution
		{320EDB32-F70C-438A-999B-381B167E235E}.Debug|Any CPU.ActiveCfg = Debug|Any CPU
		{320EDB32-F70C-438A-999B-381B167E235E}.Debug|Any CPU.Build.0 = Debug|Any CPU
		{320EDB32-F70C-438A-999B-381B167E235E}.Release|Any CPU.ActiveCfg = Release|Any CPU
		{320EDB32-F70C-438A-999B-381B167E235E}.Release|Any CPU.Build.0 = Release|Any CPU
	EndGlobalSection
	GlobalSection(SolutionProperties) = preSolution
		HideSolutionNode = FALSE
	EndGlobalSection
	GlobalSection(ExtensibilityGlobals) = postSolution
		SolutionGuid = {1EB87ADF-28F4-4A69-B113-AAAAD8A561CA}
	EndGlobalSection
EndGlobal
